{
  "version": 4,
  "terraform_version": "1.3.2",
  "serial": 84,
  "lineage": "2afaa69a-2904-fc16-7a8b-1f2b4e429313",
  "outputs": {},
  "resources": [
    {
      "module": "module.s3",
      "mode": "managed",
      "type": "aws_s3_bucket",
      "name": "my_protected_bucket",
      "provider": "provider[\"registry.terraform.io/hashicorp/aws\"]",
      "instances": [
        {
          "schema_version": 0,
          "attributes": {
            "acceleration_status": "",
            "acl": null,
            "arn": "arn:aws:s3:::watson-orchestrate-bucket-test",
            "bucket": "watson-orchestrate-bucket-test",
            "bucket_domain_name": "watson-orchestrate-bucket-test.s3.amazonaws.com",
            "bucket_prefix": null,
            "bucket_regional_domain_name": "watson-orchestrate-bucket-test.s3.amazonaws.com",
            "cors_rule": [],
            "force_destroy": false,
            "grant": [
              {
                "id": "cb8140f93fb9912bffaa03045b64346009dc0d23c60d0e6047b26910aad18754",
                "permissions": [
                  "FULL_CONTROL"
                ],
                "type": "CanonicalUser",
                "uri": ""
              }
            ],
            "hosted_zone_id": "Z3AQBSTGFYJSTF",
            "id": "watson-orchestrate-bucket-test",
            "lifecycle_rule": [],
            "logging": [],
            "object_lock_configuration": [],
            "object_lock_enabled": false,
            "policy": "",
            "region": "us-east-1",
            "replication_configuration": [],
            "request_payer": "BucketOwner",
            "server_side_encryption_configuration": [],
            "tags": {
              "Name": "WO-01-jenkins-instance",
              "Project": "WO"
            },
            "tags_all": {
              "Name": "WO-01-jenkins-instance",
              "Project": "WO"
            },
            "timeouts": null,
            "versioning": [
              {
                "enabled": false,
                "mfa_delete": false
              }
            ],
            "website": [],
            "website_domain": null,
            "website_endpoint": null
          },
          "sensitive_attributes": [],
          "private": "eyJlMmJmYjczMC1lY2FhLTExZTYtOGY4OC0zNDM2M2JjN2M0YzAiOnsiY3JlYXRlIjoxMjAwMDAwMDAwMDAwLCJkZWxldGUiOjM2MDAwMDAwMDAwMDAsInJlYWQiOjEyMDAwMDAwMDAwMDAsInVwZGF0ZSI6MTIwMDAwMDAwMDAwMH19"
        }
      ]
    },
    {
      "module": "module.s3",
      "mode": "managed",
      "type": "aws_s3_bucket_acl",
      "name": "my_protected_bucket_acl",
      "provider": "provider[\"registry.terraform.io/hashicorp/aws\"]",
      "instances": [
        {
          "schema_version": 0,
          "attributes": {
            "access_control_policy": [
              {
                "grant": [
                  {
                    "grantee": [
                      {
                        "display_name": "rohit.agrawal135246",
                        "email_address": "",
                        "id": "cb8140f93fb9912bffaa03045b64346009dc0d23c60d0e6047b26910aad18754",
                        "type": "CanonicalUser",
                        "uri": ""
                      }
                    ],
                    "permission": "FULL_CONTROL"
                  }
                ],
                "owner": [
                  {
                    "display_name": "rohit.agrawal135246",
                    "id": "cb8140f93fb9912bffaa03045b64346009dc0d23c60d0e6047b26910aad18754"
                  }
                ]
              }
            ],
            "acl": "private",
            "bucket": "watson-orchestrate-bucket-test",
            "expected_bucket_owner": "",
            "id": "watson-orchestrate-bucket-test,private"
          },
          "sensitive_attributes": [],
          "private": "bnVsbA==",
          "dependencies": [
            "module.s3.aws_s3_bucket.my_protected_bucket"
          ]
        }
      ]
    }
  ],
  "check_results": []
}
